
Microsoft Visual Studio Solution File, Format Version 12.00
# Visual Studio 15
VisualStudioVersion = 15.0.27703.2026
MinimumVisualStudioVersion = 10.0.40219.1
Project("{FAE04EC0-301F-11D3-BF4B-00C04F79EFBC}") = "DuplicateClass", "DuplicateClass\DuplicateClass.csproj", "{0075E507-43D7-40AC-AFE7-B9EABE69A3E5}"
EndProject
Project("{FAE04EC0-301F-11D3-BF4B-00C04F79EFBC}") = "NetCoreRepro", "NetCoreRepro\NetCoreRepro.csproj", "{BECF1439-39DE-4FBA-9D52-2FCE79BDFB59}"
EndProject
Global
	GlobalSection(SolutionConfigurationPlatforms) = preSolution
		Debug|Any CPU = Debug|Any CPU
		Release|Any CPU = Release|Any CPU
	EndGlobalSection
	GlobalSection(ProjectConfigurationPlatforms) = postSolution
		{0075E507-43D7-40AC-AFE7-B9EABE69A3E5}.Debug|Any CPU.ActiveCfg = Debug|Any CPU
		{0075E507-43D7-40AC-AFE7-B9EABE69A3E5}.Debug|Any CPU.Build.0 = Debug|Any CPU
		{0075E507-43D7-40AC-AFE7-B9EABE69A3E5}.Release|Any CPU.ActiveCfg = Release|Any CPU
		{0075E507-43D7-40AC-AFE7-B9EABE69A3E5}.Release|Any CPU.Build.0 = Release|Any CPU
		{BECF1439-39DE-4FBA-9D52-2FCE79BDFB59}.Debug|Any CPU.ActiveCfg = Debug|Any CPU
		{BECF1439-39DE-4FBA-9D52-2FCE79BDFB59}.Debug|Any CPU.Build.0 = Debug|Any CPU
		{BECF1439-39DE-4FBA-9D52-2FCE79BDFB59}.Release|Any CPU.ActiveCfg = Release|Any CPU
		{BECF1439-39DE-4FBA-9D52-2FCE79BDFB59}.Release|Any CPU.Build.0 = Release|Any CPU
	EndGlobalSection
	GlobalSection(SolutionProperties) = preSolution
		HideSolutionNode = FALSE
	EndGlobalSection
	GlobalSection(ExtensibilityGlobals) = postSolution
		SolutionGuid = {4D8AA83E-6023-4B74-A881-77DAF5A6ACC6}
	EndGlobalSection
EndGlobal
